
Microsoft Visual Studio Solution File, Format Version 12.00
# Visual Studio Version 16
VisualStudioVersion = 16.0.30503.244
MinimumVisualStudioVersion = 10.0.40219.1
Project("{FAE04EC0-301F-11D3-BF4B-00C04F79EFBC}") = "Conditionals", "Conditionals\Conditionals.csproj", "{2316D27C-E431-4CC5-8B50-CE367D4894DA}"
EndProject
Global
	GlobalSection(SolutionConfigurationPlatforms) = preSolution
		Debug|Any CPU = Debug|Any CPU
		Release|Any CPU = Release|Any CPU
	EndGlobalSection
	GlobalSection(ProjectConfigurationPlatforms) = postSolution
		{2316D27C-E431-4CC5-8B50-CE367D4894DA}.Debug|Any CPU.ActiveCfg = Debug|Any CPU
		{2316D27C-E431-4CC5-8B50-CE367D4894DA}.Debug|Any CPU.Build.0 = Debug|Any CPU
		{2316D27C-E431-4CC5-8B50-CE367D4894DA}.Release|Any CPU.ActiveCfg = Release|Any CPU
		{2316D27C-E431-4CC5-8B50-CE367D4894DA}.Release|Any CPU.Build.0 = Release|Any CPU
	EndGlobalSection
	GlobalSection(SolutionProperties) = preSolution
		HideSolutionNode = FALSE
	EndGlobalSection
	GlobalSection(ExtensibilityGlobals) = postSolution
		SolutionGuid = {59BD0652-AB32-497C-8744-0334CAB0547C}
	EndGlobalSection
EndGlobal
